{
  "name": "ag-grid-modules",
  "lockfileVersion": 3,
  "requires": true,
  "packages": {
    "": {
      "name": "ag-grid-modules",
      "dependencies": {
        "@ag-grid-community/angular": "^31.2.1",
        "@ag-grid-community/client-side-row-model": "^31.2.1",
        "@ag-grid-community/core": "^31.2.1",
        "@ag-grid-community/csv-export": "^31.2.1",
        "@ag-grid-community/infinite-row-model": "^31.2.1",
        "@ag-grid-community/styles": "^31.2.1",
        "@ag-grid-enterprise/advanced-filter": "^31.2.1",
        "@ag-grid-enterprise/charts-enterprise": "^31.2.1",
        "@ag-grid-enterprise/clipboard": "^31.2.1",
        "@ag-grid-enterprise/column-tool-panel": "^31.2.1",
        "@ag-grid-enterprise/core": "^31.2.1",
        "@ag-grid-enterprise/excel-export": "^31.2.1",
        "@ag-grid-enterprise/filter-tool-panel": "^31.2.1",
        "@ag-grid-enterprise/master-detail": "^31.2.1",
        "@ag-grid-enterprise/menu": "^31.2.1",
        "@ag-grid-enterprise/multi-filter": "^31.2.1",
        "@ag-grid-enterprise/range-selection": "^31.2.1",
        "@ag-grid-enterprise/rich-select": "^31.2.1",
        "@ag-grid-enterprise/row-grouping": "^31.2.1",
        "@ag-grid-enterprise/server-side-row-model": "^31.2.1",
        "@ag-grid-enterprise/set-filter": "^31.2.1",
        "@ag-grid-enterprise/side-bar": "^31.2.1",
        "@ag-grid-enterprise/sparklines": "^31.2.1",
        "@ag-grid-enterprise/status-bar": "^31.2.1",
        "@ag-grid-enterprise/viewport-row-model": "^31.2.1",
        "@angular/common": "^14",
        "@angular/core": "^14",
        "@angular/forms": "^14",
        "@angular/platform-browser": "^14"
      }
    },
    "node_modules/@ag-grid-community/angular": {
      "version": "31.2.1",
      "resolved": "https://repo.bison-group.com:443/artifactory/api/npm/npm-virtual/@ag-grid-community/angular/-/angular-31.2.1.tgz",
      "integrity": "sha512-BkLl8huKHy2c0OkH24rTnEBS0rYFH1gpzJIu/nvE+7Eqa7E/FplMrXV73r7HKaOhJz2BvYTCY3wn4yzea/KB0A==",
      "dependencies": {
        "tslib": "^2.3.0"
      },
      "peerDependencies": {
        "@ag-grid-community/core": "31.2.1",
        "@angular/common": ">= 14.0.0",
        "@angular/core": ">= 14.0.0"
      }
    },
    "node_modules/@ag-grid-community/client-side-row-model": {
      "version": "31.2.1",
      "resolved": "https://repo.bison-group.com:443/artifactory/api/npm/npm-virtual/@ag-grid-community/client-side-row-model/-/client-side-row-model-31.2.1.tgz",
      "integrity": "sha512-EwW2Sj3DGboZ7kv1uvbVUVyumfzRMFCo3qgLwONwWNeLkQP+9EooUsDQmyzWT8nn1lBkSFyvolpxFfyS05pL2A==",
      "dependencies": {
        "@ag-grid-community/core": "31.2.1",
        "tslib": "^2.3.0"
      }
    },
    "node_modules/@ag-grid-community/core": {
      "version": "31.2.1",
      "resolved": "https://repo.bison-group.com:443/artifactory/api/npm/npm-virtual/@ag-grid-community/core/-/core-31.2.1.tgz",
      "integrity": "sha512-tTDt8c6KykR+Y0cNwwbpokkhMmD1L1WVILPwZ0Z3lsSxSkmzGbTKSD2jOSvlw9vpPuAJpU0R5tMe1dfsEXO1YA==",
      "dependencies": {
        "tslib": "^2.3.0"
      }
    },
    "node_modules/@ag-grid-community/csv-export": {
      "version": "31.2.1",
      "resolved": "https://repo.bison-group.com:443/artifactory/api/npm/npm-virtual/@ag-grid-community/csv-export/-/csv-export-31.2.1.tgz",
      "integrity": "sha512-3h9kd9LDgpHdO2aPcKI2qZT0dGEJMWE/oTRrpBIMQD66KMTRKVJouKulvCTgDVp9X0nGHWq00/2TpNpTcK5jDg==",
      "dependencies": {
        "@ag-grid-community/core": "31.2.1",
        "tslib": "^2.3.0"
      }
    },
    "node_modules/@ag-grid-community/infinite-row-model": {
      "version": "31.2.1",
      "resolved": "https://repo.bison-group.com:443/artifactory/api/npm/npm-virtual/@ag-grid-community/infinite-row-model/-/infinite-row-model-31.2.1.tgz",
      "integrity": "sha512-aRJtdA+EOR6q142zp/e62dFf46tFKutZLWnHUkS27+RZE4QxcsRTNP20osVX4GkbvT1mkNS+peyPyDgUJUwwEw==",
      "dependencies": {
        "@ag-grid-community/core": "31.2.1",
        "tslib": "^2.3.0"
      }
    },
    "node_modules/@ag-grid-community/styles": {
      "version": "31.2.1",
      "resolved": "https://repo.bison-group.com:443/artifactory/api/npm/npm-virtual/@ag-grid-community/styles/-/styles-31.2.1.tgz",
      "integrity": "sha512-eivh8dgxNm7zewsK7i8XFIEpHWBCffL6w2xvd4DZDSzsLzOOwLSMfxwgieBr4kVQblmDtU6lwHlu61yVuUf0rQ=="
    },
    "node_modules/@ag-grid-enterprise/advanced-filter": {
      "version": "31.2.1",
      "resolved": "https://repo.bison-group.com:443/artifactory/api/npm/npm-virtual/@ag-grid-enterprise/advanced-filter/-/advanced-filter-31.2.1.tgz",
      "integrity": "sha512-DZqLGf2fQj90VEGAxgzl8nWCrMQfb1HTHi4UYB2Hak6+xHECmEdaXgHDubJav/FQvFMgxIduLd8i4n2UKgoZhQ==",
      "dependencies": {
        "@ag-grid-community/core": "31.2.1",
        "@ag-grid-enterprise/core": "31.2.1"
      }
    },
    "node_modules/@ag-grid-enterprise/charts": {
      "version": "31.2.1",
      "resolved": "https://repo.bison-group.com:443/artifactory/api/npm/npm-virtual/@ag-grid-enterprise/charts/-/charts-31.2.1.tgz",
      "integrity": "sha512-t7Hja8OcmwTs6s+QRpCkq2t1U0mPkTpcSHd6Rj9tJWHiRqQAXFinvwCHReljVO0dsMpiPsnaKFSNjMF4xMzDaQ==",
      "dependencies": {
        "@ag-grid-community/core": "31.2.1",
        "@ag-grid-enterprise/core": "31.2.1",
        "@ag-grid-enterprise/range-selection": "31.2.1",
        "ag-charts-community": "9.2.0"
      }
    },
    "node_modules/@ag-grid-enterprise/charts-enterprise": {
      "version": "31.2.1",
      "resolved": "https://repo.bison-group.com:443/artifactory/api/npm/npm-virtual/@ag-grid-enterprise/charts-enterprise/-/charts-enterprise-31.2.1.tgz",
      "integrity": "sha512-eKUWt1KC/VdiPU/plrJT4XzYkIvYisfUPCHNsQ5EQwr5iV0HAB58lAYKZeJqxtxgL/JrGSCcXejTcxPcVJpPJg==",
      "dependencies": {
        "@ag-grid-community/core": "31.2.1",
        "@ag-grid-enterprise/charts": "31.2.1",
        "@ag-grid-enterprise/core": "31.2.1",
        "ag-charts-community": "9.2.0",
        "ag-charts-enterprise": "9.2.0"
      }
    },
    "node_modules/@ag-grid-enterprise/clipboard": {
      "version": "31.2.1",
      "resolved": "https://repo.bison-group.com:443/artifactory/api/npm/npm-virtual/@ag-grid-enterprise/clipboard/-/clipboard-31.2.1.tgz",
      "integrity": "sha512-POD4k7a8ND3U0ktW/zA22hye+V1dKOeDCyBbafPX3Z2bufJ/w4/phN1sDSpag21mel/94gG+dW3CqE8d1WIJ+g==",
      "dependencies": {
        "@ag-grid-community/core": "31.2.1",
        "@ag-grid-community/csv-export": "31.2.1",
        "@ag-grid-enterprise/core": "31.2.1"
      }
    },
    "node_modules/@ag-grid-enterprise/column-tool-panel": {
      "version": "31.2.1",
      "resolved": "https://repo.bison-group.com:443/artifactory/api/npm/npm-virtual/@ag-grid-enterprise/column-tool-panel/-/column-tool-panel-31.2.1.tgz",
      "integrity": "sha512-FoymPDDQz1B4XaYXaqarczbTwhbu3G4PkHzavcfMUcM8FqoqE0Mhhk4oAihR8gwRJrDwaGZ0C/OQcsaG6VY0wQ==",
      "dependencies": {
        "@ag-grid-community/core": "31.2.1",
        "@ag-grid-enterprise/core": "31.2.1",
        "@ag-grid-enterprise/row-grouping": "31.2.1",
        "@ag-grid-enterprise/side-bar": "31.2.1"
      }
    },
    "node_modules/@ag-grid-enterprise/core": {
      "version": "31.2.1",
      "resolved": "https://repo.bison-group.com:443/artifactory/api/npm/npm-virtual/@ag-grid-enterprise/core/-/core-31.2.1.tgz",
      "integrity": "sha512-So9U/bC41uBjNdg0pdJTYOkW9fFFRx7+2csOZkSuf2Y3dx9Zn8bAFCzNs1N3v0+XlNj8Ylsdi2isA6mjP9dIMQ==",
      "dependencies": {
        "@ag-grid-community/core": "31.2.1"
      }
    },
    "node_modules/@ag-grid-enterprise/excel-export": {
      "version": "31.2.1",
      "resolved": "https://repo.bison-group.com:443/artifactory/api/npm/npm-virtual/@ag-grid-enterprise/excel-export/-/excel-export-31.2.1.tgz",
      "integrity": "sha512-+lo3Kjc08kHyP5xLfErzF9xLrS4BohhfGXKaZ/HX803Yp8ptcFXXa+AYoBwx6ZAS0FHRCM8NR74I7Ef7CpW6OA==",
      "dependencies": {
        "@ag-grid-community/core": "31.2.1",
        "@ag-grid-community/csv-export": "31.2.1",
        "@ag-grid-enterprise/core": "31.2.1"
      }
    },
    "node_modules/@ag-grid-enterprise/filter-tool-panel": {
      "version": "31.2.1",
      "resolved": "https://repo.bison-group.com:443/artifactory/api/npm/npm-virtual/@ag-grid-enterprise/filter-tool-panel/-/filter-tool-panel-31.2.1.tgz",
      "integrity": "sha512-I0NwbLsbiuq18Vs6wFWrdRCrZeisLF9amGvnA8WqnBryd09Cqd8Yp40Ak9fxJopkgPtJd6h/amtF2/JRZN3LJw==",
      "dependencies": {
        "@ag-grid-community/core": "31.2.1",
        "@ag-grid-enterprise/core": "31.2.1",
        "@ag-grid-enterprise/side-bar": "31.2.1"
      }
    },
    "node_modules/@ag-grid-enterprise/master-detail": {
      "version": "31.2.1",
      "resolved": "https://repo.bison-group.com:443/artifactory/api/npm/npm-virtual/@ag-grid-enterprise/master-detail/-/master-detail-31.2.1.tgz",
      "integrity": "sha512-AOxlQ0oFFClmGcZx7K3PYiAWcIIHDbBzCq9M4xWbflRFwPaSFwo3QwJIAF1/Js6pYXM/v869XkpqHQqXuf8KmQ==",
      "dependencies": {
        "@ag-grid-community/core": "31.2.1",
        "@ag-grid-enterprise/core": "31.2.1"
      }
    },
    "node_modules/@ag-grid-enterprise/menu": {
      "version": "31.2.1",
      "resolved": "https://repo.bison-group.com:443/artifactory/api/npm/npm-virtual/@ag-grid-enterprise/menu/-/menu-31.2.1.tgz",
      "integrity": "sha512-lOK6z+4yDyxpaDz9B4Te9au4VWxfW7H2CigVC84j5j9rKJF+u0niD9S93V5m1R6O2qCGaNeIEfqnqEywA+eH+g==",
      "dependencies": {
        "@ag-grid-community/core": "31.2.1",
        "@ag-grid-enterprise/column-tool-panel": "31.2.1",
        "@ag-grid-enterprise/core": "31.2.1"
      }
    },
    "node_modules/@ag-grid-enterprise/multi-filter": {
      "version": "31.2.1",
      "resolved": "https://repo.bison-group.com:443/artifactory/api/npm/npm-virtual/@ag-grid-enterprise/multi-filter/-/multi-filter-31.2.1.tgz",
      "integrity": "sha512-H9PJEaaVlhulP0D2Ij4JJyRxLX7t04ipmYmzI8KhRRA8cJpsy1K75h0U/VveHANCZpZyKIvxhOAjN2CffMdDLQ==",
      "dependencies": {
        "@ag-grid-community/core": "31.2.1",
        "@ag-grid-enterprise/core": "31.2.1"
      }
    },
    "node_modules/@ag-grid-enterprise/range-selection": {
      "version": "31.2.1",
      "resolved": "https://repo.bison-group.com:443/artifactory/api/npm/npm-virtual/@ag-grid-enterprise/range-selection/-/range-selection-31.2.1.tgz",
      "integrity": "sha512-GZc2mzXkbSqriaxZ17bdEeqmgoAtDsvOVvRgaV6nIU4sgh4s+/RSIhI5tWefLaogs0agCggcqghSVbCMq/lGrg==",
      "dependencies": {
        "@ag-grid-community/core": "31.2.1",
        "@ag-grid-enterprise/core": "31.2.1"
      }
    },
    "node_modules/@ag-grid-enterprise/rich-select": {
      "version": "31.2.1",
      "resolved": "https://repo.bison-group.com:443/artifactory/api/npm/npm-virtual/@ag-grid-enterprise/rich-select/-/rich-select-31.2.1.tgz",
      "integrity": "sha512-A7qK4hjqMxCNp4dkXjEAEPmJY7TZCBucxeM4YgXellG7AD1s3ReYOXw9vPj5fBWZYybEvNJwdpOju3PhG+cDHA==",
      "dependencies": {
        "@ag-grid-community/core": "31.2.1",
        "@ag-grid-enterprise/core": "31.2.1"
      }
    },
    "node_modules/@ag-grid-enterprise/row-grouping": {
      "version": "31.2.1",
      "resolved": "https://repo.bison-group.com:443/artifactory/api/npm/npm-virtual/@ag-grid-enterprise/row-grouping/-/row-grouping-31.2.1.tgz",
      "integrity": "sha512-Sl7QPjrx4+4yJtNO/KKuTJjkg0JjSJmghY30kSjGmJA6+FEvlptnW6HKqVuKS/49lNd+GDL9oncug8t+b99ghA==",
      "dependencies": {
        "@ag-grid-community/core": "31.2.1",
        "@ag-grid-enterprise/core": "31.2.1"
      }
    },
    "node_modules/@ag-grid-enterprise/server-side-row-model": {
      "version": "31.2.1",
      "resolved": "https://repo.bison-group.com:443/artifactory/api/npm/npm-virtual/@ag-grid-enterprise/server-side-row-model/-/server-side-row-model-31.2.1.tgz",
      "integrity": "sha512-WL4hUj9IpO+aU8TUy/8M1soCsm7c9TDStLFWiW9zEXeC6P7696p/K1a1PqDUhmgC1TNKOQBW1ST/+FCfLxuUgw==",
      "dependencies": {
        "@ag-grid-community/core": "31.2.1",
        "@ag-grid-enterprise/core": "31.2.1"
      }
    },
    "node_modules/@ag-grid-enterprise/set-filter": {
      "version": "31.2.1",
      "resolved": "https://repo.bison-group.com:443/artifactory/api/npm/npm-virtual/@ag-grid-enterprise/set-filter/-/set-filter-31.2.1.tgz",
      "integrity": "sha512-jIGdKcWMDF4MYMdAgy1bY0LwLC3G66CFO1uMwRMp1fKw5R9W7cWk6LgbIpSV6Zxr+3bFOgSBhHPpyeHmMgduBQ==",
      "dependencies": {
        "@ag-grid-community/core": "31.2.1",
        "@ag-grid-enterprise/core": "31.2.1"
      }
    },
    "node_modules/@ag-grid-enterprise/side-bar": {
      "version": "31.2.1",
      "resolved": "https://repo.bison-group.com:443/artifactory/api/npm/npm-virtual/@ag-grid-enterprise/side-bar/-/side-bar-31.2.1.tgz",
      "integrity": "sha512-OLAyJLx5ZTgPmE/f0NljaV/MFUBa+Uy0VABPz+NELmRmuhGNj7m4CoiOBYPXdWlOWygZ4xuc3dFqYmMWZql8hg==",
      "dependencies": {
        "@ag-grid-community/core": "31.2.1",
        "@ag-grid-enterprise/core": "31.2.1"
      }
    },
    "node_modules/@ag-grid-enterprise/sparklines": {
      "version": "31.2.1",
      "resolved": "https://repo.bison-group.com:443/artifactory/api/npm/npm-virtual/@ag-grid-enterprise/sparklines/-/sparklines-31.2.1.tgz",
      "integrity": "sha512-6kCeOMQhEdMafCTADonUKPmGI+II+nf1YtCHw3ZUumA5ZbOolKZ+zR+MpgSCP6Vh7/u6m8kte83mNJlO3aUCLA==",
      "dependencies": {
        "@ag-grid-community/core": "31.2.1",
        "@ag-grid-enterprise/core": "31.2.1",
        "ag-charts-community": "9.2.0"
      }
    },
    "node_modules/@ag-grid-enterprise/status-bar": {
      "version": "31.2.1",
      "resolved": "https://repo.bison-group.com:443/artifactory/api/npm/npm-virtual/@ag-grid-enterprise/status-bar/-/status-bar-31.2.1.tgz",
      "integrity": "sha512-4StX8mOesVEozpTwR3hdifo3nJlG8TDzl3PTcSet1p/SnLVzTPxdtv43fw5ncXuzZaq+/YKoMl9EcCsf/DGQuQ==",
      "dependencies": {
        "@ag-grid-community/core": "31.2.1",
        "@ag-grid-enterprise/core": "31.2.1",
        "tslib": "^2.3.0"
      }
    },
    "node_modules/@ag-grid-enterprise/viewport-row-model": {
      "version": "31.2.1",
      "resolved": "https://repo.bison-group.com:443/artifactory/api/npm/npm-virtual/@ag-grid-enterprise/viewport-row-model/-/viewport-row-model-31.2.1.tgz",
      "integrity": "sha512-q5nELCSN/XYqf9AnHBi2xJ/P6aZHvF4JKU6KhHESR0fdDdw9j5lX+7s2ExMnYM60PMPkFG8996M55zigopdZZw==",
      "dependencies": {
        "@ag-grid-community/core": "31.2.1",
        "@ag-grid-enterprise/core": "31.2.1"
      }
    },
    "node_modules/@angular/common": {
      "version": "14.3.0",
      "resolved": "https://repo.bison-group.com:443/artifactory/api/npm/npm-virtual/@angular/common/-/common-14.3.0.tgz",
      "integrity": "sha512-pV9oyG3JhGWeQ+TFB0Qub6a1VZWMNZ6/7zEopvYivdqa5yDLLDSBRWb6P80RuONXyGnM1pa7l5nYopX+r/23GQ==",
      "dependencies": {
        "tslib": "^2.3.0"
      },
      "engines": {
        "node": "^14.15.0 || >=16.10.0"
      },
      "peerDependencies": {
        "@angular/core": "14.3.0",
        "rxjs": "^6.5.3 || ^7.4.0"
      }
    },
    "node_modules/@angular/core": {
      "version": "14.3.0",
      "resolved": "https://repo.bison-group.com:443/artifactory/api/npm/npm-virtual/@angular/core/-/core-14.3.0.tgz",
      "integrity": "sha512-wYiwItc0Uyn4FWZ/OAx/Ubp2/WrD3EgUJ476y1XI7yATGPF8n9Ld5iCXT08HOvc4eBcYlDfh90kTXR6/MfhzdQ==",
      "dependencies": {
        "tslib": "^2.3.0"
      },
      "engines": {
        "node": "^14.15.0 || >=16.10.0"
      },
      "peerDependencies": {
        "rxjs": "^6.5.3 || ^7.4.0",
        "zone.js": "~0.11.4 || ~0.12.0"
      }
    },
    "node_modules/@angular/forms": {
      "version": "14.3.0",
      "resolved": "https://repo.bison-group.com:443/artifactory/api/npm/npm-virtual/@angular/forms/-/forms-14.3.0.tgz",
      "integrity": "sha512-fBZZC2UFMom2AZPjGQzROPXFWO6kvCsPDKctjJwClVC8PuMrkm+RRyiYRdBbt2qxWHEqOZM2OCQo73xUyZOYHw==",
      "dependencies": {
        "tslib": "^2.3.0"
      },
      "engines": {
        "node": "^14.15.0 || >=16.10.0"
      },
      "peerDependencies": {
        "@angular/common": "14.3.0",
        "@angular/core": "14.3.0",
        "@angular/platform-browser": "14.3.0",
        "rxjs": "^6.5.3 || ^7.4.0"
      }
    },
    "node_modules/@angular/platform-browser": {
      "version": "14.3.0",
      "resolved": "https://repo.bison-group.com:443/artifactory/api/npm/npm-virtual/@angular/platform-browser/-/platform-browser-14.3.0.tgz",
      "integrity": "sha512-w9Y3740UmTz44T0Egvc+4QV9sEbO61L+aRHbpkLTJdlEGzHByZvxJmJyBYmdqeyTPwc/Zpy7c02frlpfAlyB7A==",
      "dependencies": {
        "tslib": "^2.3.0"
      },
      "engines": {
        "node": "^14.15.0 || >=16.10.0"
      },
      "peerDependencies": {
        "@angular/animations": "14.3.0",
        "@angular/common": "14.3.0",
        "@angular/core": "14.3.0"
      },
      "peerDependenciesMeta": {
        "@angular/animations": {
          "optional": true
        }
      }
    },
    "node_modules/ag-charts-community": {
      "version": "9.2.0",
      "resolved": "https://repo.bison-group.com:443/artifactory/api/npm/npm-virtual/ag-charts-community/-/ag-charts-community-9.2.0.tgz",
      "integrity": "sha512-dS5nPExh81owIIdyHli0TvWvSyhmZy2RncM/s3/KXpjAf3eiVN2fxfT2z+QxqsLyoms+fernp5cAuSju0peYXw=="
    },
    "node_modules/ag-charts-enterprise": {
      "version": "9.2.0",
      "resolved": "https://repo.bison-group.com:443/artifactory/api/npm/npm-virtual/ag-charts-enterprise/-/ag-charts-enterprise-9.2.0.tgz",
      "integrity": "sha512-/7mRmGhDuvDL9mNIRInBeznN7849X5qDWceLYl1ZusekPAiDBKCCSJR+qDtjHIDXryzhNd3UGxXkm548njVgHg==",
      "dependencies": {
        "ag-charts-community": "9.2.0"
      }
    },
    "node_modules/rxjs": {
      "version": "7.8.1",
      "resolved": "https://repo.bison-group.com:443/artifactory/api/npm/npm-virtual/rxjs/-/rxjs-7.8.1.tgz",
      "integrity": "sha512-AA3TVj+0A2iuIoQkWEK/tqFjBq2j+6PO6Y0zJcvzLAFhEFIO3HL0vls9hWLncZbAAbK0mar7oZ4V079I/qPMxg==",
      "peer": true,
      "dependencies": {
        "tslib": "^2.1.0"
      }
    },
    "node_modules/tslib": {
      "version": "2.6.2",
      "resolved": "https://repo.bison-group.com:443/artifactory/api/npm/npm-virtual/tslib/-/tslib-2.6.2.tgz",
      "integrity": "sha512-AEYxH93jGFPn/a2iVAwW87VuUIkR1FVUKB77NwMF7nBTDkDrrT/Hpt/IrCJ0QXhW27jTBDcf5ZY7w6RiqTMw2Q=="
    },
    "node_modules/zone.js": {
      "version": "0.12.0",
      "resolved": "https://repo.bison-group.com:443/artifactory/api/npm/npm-virtual/zone.js/-/zone.js-0.12.0.tgz",
      "integrity": "sha512-XtC+I5dXU14HrzidAKBNMqneIVUykLEAA1x+v4KVrd6AUPWlwYORF8KgsVqvgdHiKZ4BkxxjvYi/ksEixTPR0Q==",
      "peer": true,
      "dependencies": {
        "tslib": "^2.3.0"
      }
    }
  }
}
